
Microsoft Visual Studio Solution File, Format Version 12.00
# Visual Studio Version 17
VisualStudioVersion = 17.4.33213.308
MinimumVisualStudioVersion = 10.0.40219.1
Project("{FAE04EC0-301F-11D3-BF4B-00C04F79EFBC}") = "Entities", "Entities\Entities.csproj", "{38204820-C3F5-4A3F-99FB-A8BC5103BED5}"
EndProject
Project("{FAE04EC0-301F-11D3-BF4B-00C04F79EFBC}") = "DataAccess", "DataAccess\DataAccess.csproj", "{337BD3BA-B8F4-4316-A9F3-B60BE401A6E7}"
EndProject
Project("{FAE04EC0-301F-11D3-BF4B-00C04F79EFBC}") = "Business", "Business\Business.csproj", "{077A2747-8F8D-4E26-9F02-A48B5DE97A96}"
EndProject
Project("{FAE04EC0-301F-11D3-BF4B-00C04F79EFBC}") = "Core", "Core\Core.csproj", "{3D02C778-8714-4B07-AAA8-B0B63C9C8B32}"
EndProject
Project("{FAE04EC0-301F-11D3-BF4B-00C04F79EFBC}") = "WebAPI", "WebAPI\WebAPI.csproj", "{769F23A3-845D-4670-88F1-C9E614AF0508}"
EndProject
Global
	GlobalSection(SolutionConfigurationPlatforms) = preSolution
		Debug|Any CPU = Debug|Any CPU
		Release|Any CPU = Release|Any CPU
	EndGlobalSection
	GlobalSection(ProjectConfigurationPlatforms) = postSolution
		{38204820-C3F5-4A3F-99FB-A8BC5103BED5}.Debug|Any CPU.ActiveCfg = Debug|Any CPU
		{38204820-C3F5-4A3F-99FB-A8BC5103BED5}.Debug|Any CPU.Build.0 = Debug|Any CPU
		{38204820-C3F5-4A3F-99FB-A8BC5103BED5}.Release|Any CPU.ActiveCfg = Release|Any CPU
		{38204820-C3F5-4A3F-99FB-A8BC5103BED5}.Release|Any CPU.Build.0 = Release|Any CPU
		{337BD3BA-B8F4-4316-A9F3-B60BE401A6E7}.Debug|Any CPU.ActiveCfg = Debug|Any CPU
		{337BD3BA-B8F4-4316-A9F3-B60BE401A6E7}.Debug|Any CPU.Build.0 = Debug|Any CPU
		{337BD3BA-B8F4-4316-A9F3-B60BE401A6E7}.Release|Any CPU.ActiveCfg = Release|Any CPU
		{337BD3BA-B8F4-4316-A9F3-B60BE401A6E7}.Release|Any CPU.Build.0 = Release|Any CPU
		{077A2747-8F8D-4E26-9F02-A48B5DE97A96}.Debug|Any CPU.ActiveCfg = Debug|Any CPU
		{077A2747-8F8D-4E26-9F02-A48B5DE97A96}.Debug|Any CPU.Build.0 = Debug|Any CPU
		{077A2747-8F8D-4E26-9F02-A48B5DE97A96}.Release|Any CPU.ActiveCfg = Release|Any CPU
		{077A2747-8F8D-4E26-9F02-A48B5DE97A96}.Release|Any CPU.Build.0 = Release|Any CPU
		{3D02C778-8714-4B07-AAA8-B0B63C9C8B32}.Debug|Any CPU.ActiveCfg = Debug|Any CPU
		{3D02C778-8714-4B07-AAA8-B0B63C9C8B32}.Debug|Any CPU.Build.0 = Debug|Any CPU
		{3D02C778-8714-4B07-AAA8-B0B63C9C8B32}.Release|Any CPU.ActiveCfg = Release|Any CPU
		{3D02C778-8714-4B07-AAA8-B0B63C9C8B32}.Release|Any CPU.Build.0 = Release|Any CPU
		{769F23A3-845D-4670-88F1-C9E614AF0508}.Debug|Any CPU.ActiveCfg = Debug|Any CPU
		{769F23A3-845D-4670-88F1-C9E614AF0508}.Debug|Any CPU.Build.0 = Debug|Any CPU
		{769F23A3-845D-4670-88F1-C9E614AF0508}.Release|Any CPU.ActiveCfg = Release|Any CPU
		{769F23A3-845D-4670-88F1-C9E614AF0508}.Release|Any CPU.Build.0 = Release|Any CPU
	EndGlobalSection
	GlobalSection(SolutionProperties) = preSolution
		HideSolutionNode = FALSE
	EndGlobalSection
	GlobalSection(ExtensibilityGlobals) = postSolution
		SolutionGuid = {36E586CE-FFFA-4255-99FC-DA9382B82BB8}
	EndGlobalSection
EndGlobal
